
Microsoft Visual Studio Solution File, Format Version 12.00
# Visual Studio Version 17
VisualStudioVersion = 17.5.33516.290
MinimumVisualStudioVersion = 10.0.40219.1
Project("{FAE04EC0-301F-11D3-BF4B-00C04F79EFBC}") = "ISBN_Processor", "ISBN_Processor.csproj", "{B6A6CF42-02DE-48E0-8142-F95BD991AE8B}"
EndProject
Global
	GlobalSection(SolutionConfigurationPlatforms) = preSolution
		Debug|Any CPU = Debug|Any CPU
		Release|Any CPU = Release|Any CPU
	EndGlobalSection
	GlobalSection(ProjectConfigurationPlatforms) = postSolution
		{B6A6CF42-02DE-48E0-8142-F95BD991AE8B}.Debug|Any CPU.ActiveCfg = Debug|Any CPU
		{B6A6CF42-02DE-48E0-8142-F95BD991AE8B}.Debug|Any CPU.Build.0 = Debug|Any CPU
		{B6A6CF42-02DE-48E0-8142-F95BD991AE8B}.Release|Any CPU.ActiveCfg = Release|Any CPU
		{B6A6CF42-02DE-48E0-8142-F95BD991AE8B}.Release|Any CPU.Build.0 = Release|Any CPU
	EndGlobalSection
	GlobalSection(SolutionProperties) = preSolution
		HideSolutionNode = FALSE
	EndGlobalSection
	GlobalSection(ExtensibilityGlobals) = postSolution
		SolutionGuid = {7EB6815D-1022-4569-82B0-CA07DF9917A8}
	EndGlobalSection
EndGlobal
